
Microsoft Visual Studio Solution File, Format Version 12.00
# Visual Studio Version 17
VisualStudioVersion = 17.13.35825.156
MinimumVisualStudioVersion = 10.0.40219.1
Project("{FAE04EC0-301F-11D3-BF4B-00C04F79EFBC}") = "BusinessObject.Shared", "BusinessObject.Shared\BusinessObject.Shared.csproj", "{8BBB50FC-55BD-430A-B7E8-7120CB80BA65}"
EndProject
Project("{FAE04EC0-301F-11D3-BF4B-00C04F79EFBC}") = "Common.Shared", "Common.Shared\Common.Shared.csproj", "{5A9B7448-F52F-4744-9462-8F3C98898454}"
EndProject
Project("{FAE04EC0-301F-11D3-BF4B-00C04F79EFBC}") = "QuizResult.Microservices", "Membership.Microservices\QuizResult.Microservices.csproj", "{B62B21D5-56E6-4838-B22E-FAB4AB303CDE}"
EndProject
Project("{FAE04EC0-301F-11D3-BF4B-00C04F79EFBC}") = "OcelotAPIGateway", "OcelotAPIGateway\OcelotAPIGateway.csproj", "{A62D0EF4-D5AD-46E9-B5E9-CB0137E73821}"
EndProject
Project("{FAE04EC0-301F-11D3-BF4B-00C04F79EFBC}") = "Quiz.Microservices", "UserMembership.Microservices\Quiz.Microservices.csproj", "{FFBA98C5-0399-43C4-B935-1B72CBCD45FA}"
EndProject
Global
	GlobalSection(SolutionConfigurationPlatforms) = preSolution
		Debug|Any CPU = Debug|Any CPU
		Release|Any CPU = Release|Any CPU
	EndGlobalSection
	GlobalSection(ProjectConfigurationPlatforms) = postSolution
		{8BBB50FC-55BD-430A-B7E8-7120CB80BA65}.Debug|Any CPU.ActiveCfg = Debug|Any CPU
		{8BBB50FC-55BD-430A-B7E8-7120CB80BA65}.Debug|Any CPU.Build.0 = Debug|Any CPU
		{8BBB50FC-55BD-430A-B7E8-7120CB80BA65}.Release|Any CPU.ActiveCfg = Release|Any CPU
		{8BBB50FC-55BD-430A-B7E8-7120CB80BA65}.Release|Any CPU.Build.0 = Release|Any CPU
		{5A9B7448-F52F-4744-9462-8F3C98898454}.Debug|Any CPU.ActiveCfg = Debug|Any CPU
		{5A9B7448-F52F-4744-9462-8F3C98898454}.Debug|Any CPU.Build.0 = Debug|Any CPU
		{5A9B7448-F52F-4744-9462-8F3C98898454}.Release|Any CPU.ActiveCfg = Release|Any CPU
		{5A9B7448-F52F-4744-9462-8F3C98898454}.Release|Any CPU.Build.0 = Release|Any CPU
		{B62B21D5-56E6-4838-B22E-FAB4AB303CDE}.Debug|Any CPU.ActiveCfg = Debug|Any CPU
		{B62B21D5-56E6-4838-B22E-FAB4AB303CDE}.Debug|Any CPU.Build.0 = Debug|Any CPU
		{B62B21D5-56E6-4838-B22E-FAB4AB303CDE}.Release|Any CPU.ActiveCfg = Release|Any CPU
		{B62B21D5-56E6-4838-B22E-FAB4AB303CDE}.Release|Any CPU.Build.0 = Release|Any CPU
		{A62D0EF4-D5AD-46E9-B5E9-CB0137E73821}.Debug|Any CPU.ActiveCfg = Debug|Any CPU
		{A62D0EF4-D5AD-46E9-B5E9-CB0137E73821}.Debug|Any CPU.Build.0 = Debug|Any CPU
		{A62D0EF4-D5AD-46E9-B5E9-CB0137E73821}.Release|Any CPU.ActiveCfg = Release|Any CPU
		{A62D0EF4-D5AD-46E9-B5E9-CB0137E73821}.Release|Any CPU.Build.0 = Release|Any CPU
		{FFBA98C5-0399-43C4-B935-1B72CBCD45FA}.Debug|Any CPU.ActiveCfg = Debug|Any CPU
		{FFBA98C5-0399-43C4-B935-1B72CBCD45FA}.Debug|Any CPU.Build.0 = Debug|Any CPU
		{FFBA98C5-0399-43C4-B935-1B72CBCD45FA}.Release|Any CPU.ActiveCfg = Release|Any CPU
		{FFBA98C5-0399-43C4-B935-1B72CBCD45FA}.Release|Any CPU.Build.0 = Release|Any CPU
	EndGlobalSection
	GlobalSection(SolutionProperties) = preSolution
		HideSolutionNode = FALSE
	EndGlobalSection
	GlobalSection(ExtensibilityGlobals) = postSolution
		SolutionGuid = {C04182BC-8858-4466-9143-66B804E03AE0}
	EndGlobalSection
EndGlobal
