
Microsoft Visual Studio Solution File, Format Version 12.00
# Visual Studio Version 17
VisualStudioVersion = 17.12.35527.113
MinimumVisualStudioVersion = 10.0.40219.1
Project("{FAE04EC0-301F-11D3-BF4B-00C04F79EFBC}") = "API_SERVICE", "API_SERVICE\API_SERVICE.csproj", "{3664F72A-DE7E-422B-A072-EBE1ABAE08BE}"
EndProject
Project("{FAE04EC0-301F-11D3-BF4B-00C04F79EFBC}") = "BusinessService", "BusinessService\BusinessService.csproj", "{DCADC0E6-F1DF-42CC-9878-EA1540479A31}"
EndProject
Project("{FAE04EC0-301F-11D3-BF4B-00C04F79EFBC}") = "Repository", "Repository\Repository.csproj", "{DB0929C7-5DD2-4B0A-AD70-4A28113C6165}"
EndProject
Global
	GlobalSection(SolutionConfigurationPlatforms) = preSolution
		Debug|Any CPU = Debug|Any CPU
		Release|Any CPU = Release|Any CPU
	EndGlobalSection
	GlobalSection(ProjectConfigurationPlatforms) = postSolution
		{3664F72A-DE7E-422B-A072-EBE1ABAE08BE}.Debug|Any CPU.ActiveCfg = Debug|Any CPU
		{3664F72A-DE7E-422B-A072-EBE1ABAE08BE}.Debug|Any CPU.Build.0 = Debug|Any CPU
		{3664F72A-DE7E-422B-A072-EBE1ABAE08BE}.Release|Any CPU.ActiveCfg = Release|Any CPU
		{3664F72A-DE7E-422B-A072-EBE1ABAE08BE}.Release|Any CPU.Build.0 = Release|Any CPU
		{DCADC0E6-F1DF-42CC-9878-EA1540479A31}.Debug|Any CPU.ActiveCfg = Debug|Any CPU
		{DCADC0E6-F1DF-42CC-9878-EA1540479A31}.Debug|Any CPU.Build.0 = Debug|Any CPU
		{DCADC0E6-F1DF-42CC-9878-EA1540479A31}.Release|Any CPU.ActiveCfg = Release|Any CPU
		{DCADC0E6-F1DF-42CC-9878-EA1540479A31}.Release|Any CPU.Build.0 = Release|Any CPU
		{DB0929C7-5DD2-4B0A-AD70-4A28113C6165}.Debug|Any CPU.ActiveCfg = Debug|Any CPU
		{DB0929C7-5DD2-4B0A-AD70-4A28113C6165}.Debug|Any CPU.Build.0 = Debug|Any CPU
		{DB0929C7-5DD2-4B0A-AD70-4A28113C6165}.Release|Any CPU.ActiveCfg = Release|Any CPU
		{DB0929C7-5DD2-4B0A-AD70-4A28113C6165}.Release|Any CPU.Build.0 = Release|Any CPU
	EndGlobalSection
	GlobalSection(SolutionProperties) = preSolution
		HideSolutionNode = FALSE
	EndGlobalSection
EndGlobal
